<?xml version="1.0" encoding="utf-8"?>
<Project ToolsVersion="4.0" xmlns="http://schemas.microsoft.com/developer/msbuild/2003">
  <ItemGroup>
    <Filter Include="Source Files">
      <UniqueIdentifier>{4FC737F1-C7A5-4376-A066-2A32D752A2FF}</UniqueIdentifier>
      <Extensions>cpp;c;cc;cxx;def;odl;idl;hpj;bat;asm;asmx</Extensions>
    </Filter>
    <Filter Include="Header Files">
      <UniqueIdentifier>{93995380-89BD-4b04-88EB-625FBE52EBFB}</UniqueIdentifier>
      <Extensions>h;hh;hpp;hxx;hm;inl;inc;xsd</Extensions>
    </Filter>
    <Filter Include="Resource Files">
      <UniqueIdentifier>{67DA6AB6-F800-4c08-8B7A-83BB121AAD01}</UniqueIdentifier>
      <Extensions>rc;ico;cur;bmp;dlg;rc2;rct;bin;rgs;gif;jpg;jpeg;jpe;resx;tiff;tif;png;wav;mfcribbon-ms</Extensions>
    </Filter>
    <Filter Include="Shaders">
      <UniqueIdentifier>{7b8fb712-713c-4715-8673-e6c512a2adf6}</UniqueIdentifier>
    </Filter>
  </ItemGroup>
  <ItemGroup>
    <Text Include="ReadMe.txt" />
  </ItemGroup>
  <ItemGroup>
    <ClInclude Include="stdafx.h">
      <Filter>Header Files</Filter>
    </ClInclude>
    <ClInclude Include="targetver.h">
      <Filter>Header Files</Filter>
    </ClInclude>
    <ClInclude Include="dtMesh.h">
      <Filter>Header Files</Filter>
    </ClInclude>
    <ClInclude Include="dtIndexBuffer.h">
      <Filter>Header Files</Filter>
    </ClInclude>
    <ClInclude Include="dtVertexBuffer.h">
      <Filter>Header Files</Filter>
    </ClInclude>
    <ClInclude Include="dtMaterial.h">
      <Filter>Header Files</Filter>
    </ClInclude>
    <ClInclude Include="dtTexture.h">
      <Filter>Header Files</Filter>
    </ClInclude>
    <ClInclude Include="dtModel.h">
      <Filter>Header Files</Filter>
    </ClInclude>
    <ClInclude Include="dtCamera.h">
      <Filter>Header Files</Filter>
    </ClInclude>
    <ClInclude Include="dtShader.h">
      <Filter>Header Files</Filter>
    </ClInclude>
    <ClInclude Include="dtShaderProgram.h">
      <Filter>Header Files</Filter>
    </ClInclude>
    <ClInclude Include="dtOGLManager.h">
      <Filter>Header Files</Filter>
    </ClInclude>
    <ClInclude Include="dtRenderManager.h">
      <Filter>Header Files</Filter>
    </ClInclude>
    <ClInclude Include="dtDepthBuffer.h">
      <Filter>Header Files</Filter>
    </ClInclude>
    <ClInclude Include="dtRenderPass.h">
      <Filter>Header Files</Filter>
    </ClInclude>
    <ClInclude Include="dtStencilBuffer.h">
      <Filter>Header Files</Filter>
    </ClInclude>
    <ClInclude Include="dtFrameBuffer.h">
      <Filter>Header Files</Filter>
    </ClInclude>
  </ItemGroup>
  <ItemGroup>
    <ClCompile Include="stdafx.cpp">
      <Filter>Source Files</Filter>
    </ClCompile>
    <ClCompile Include="Developer3DTest.cpp">
      <Filter>Source Files</Filter>
    </ClCompile>
    <ClCompile Include="dtMesh.cpp">
      <Filter>Source Files</Filter>
    </ClCompile>
    <ClCompile Include="dtIndexBuffer.cpp">
      <Filter>Source Files</Filter>
    </ClCompile>
    <ClCompile Include="dtVertexBuffer.cpp">
      <Filter>Source Files</Filter>
    </ClCompile>
    <ClCompile Include="dtMaterial.cpp">
      <Filter>Source Files</Filter>
    </ClCompile>
    <ClCompile Include="dtTexture.cpp">
      <Filter>Source Files</Filter>
    </ClCompile>
    <ClCompile Include="dtModel.cpp">
      <Filter>Source Files</Filter>
    </ClCompile>
    <ClCompile Include="dtCamera.cpp">
      <Filter>Source Files</Filter>
    </ClCompile>
    <ClCompile Include="dtShaderProgram.cpp">
      <Filter>Source Files</Filter>
    </ClCompile>
    <ClCompile Include="dtShader.cpp">
      <Filter>Source Files</Filter>
    </ClCompile>
    <ClCompile Include="dtOGLManager.cpp">
      <Filter>Source Files</Filter>
    </ClCompile>
    <ClCompile Include="dtRenderManager.cpp">
      <Filter>Source Files</Filter>
    </ClCompile>
    <ClCompile Include="dtDepthBuffer.cpp">
      <Filter>Source Files</Filter>
    </ClCompile>
    <ClCompile Include="dtRenderPass.cpp">
      <Filter>Source Files</Filter>
    </ClCompile>
    <ClCompile Include="dtStencilBuffer.cpp">
      <Filter>Source Files</Filter>
    </ClCompile>
    <ClCompile Include="dtFrameBuffer.cpp">
      <Filter>Source Files</Filter>
    </ClCompile>
  </ItemGroup>
  <ItemGroup>
    <None Include="..\bin\Resources\Shaders\AddBrightPS.glsl">
      <Filter>Shaders</Filter>
    </None>
    <None Include="..\bin\Resources\Shaders\BlurHPS.glsl">
      <Filter>Shaders</Filter>
    </None>
    <None Include="..\bin\Resources\Shaders\BlurVPS.glsl">
      <Filter>Shaders</Filter>
    </None>
    <None Include="..\bin\Resources\Shaders\BrightPS.glsl">
      <Filter>Shaders</Filter>
    </None>
    <None Include="..\bin\Resources\Shaders\FinalPS.glsl">
      <Filter>Shaders</Filter>
    </None>
    <None Include="..\bin\Resources\Shaders\GBufferPS.glsl">
      <Filter>Shaders</Filter>
    </None>
    <None Include="..\bin\Resources\Shaders\GBufferVS.glsl">
      <Filter>Shaders</Filter>
    </None>
    <None Include="..\bin\Resources\Shaders\LuminancePS.glsl">
      <Filter>Shaders</Filter>
    </None>
    <None Include="..\bin\Resources\Shaders\PBRLightPS.glsl">
      <Filter>Shaders</Filter>
    </None>
    <None Include="..\bin\Resources\Shaders\ScreenAlignedQuadVS.glsl">
      <Filter>Shaders</Filter>
    </None>
    <None Include="..\bin\Resources\Shaders\ShadowPS.glsl">
      <Filter>Shaders</Filter>
    </None>
    <None Include="..\bin\Resources\Shaders\ShadowVS.glsl">
      <Filter>Shaders</Filter>
    </None>
    <None Include="..\bin\Resources\Shaders\SkyBoxPS.glsl">
      <Filter>Shaders</Filter>
    </None>
    <None Include="..\bin\Resources\Shaders\SkyBoxVS.glsl">
      <Filter>Shaders</Filter>
    </None>
    <None Include="..\bin\Resources\Shaders\SSAOPS.glsl">
      <Filter>Shaders</Filter>
    </None>
    <None Include="..\bin\Resources\Shaders\TonePS.glsl">
      <Filter>Shaders</Filter>
    </None>
    <None Include="..\bin\Resources\Shaders\ReflectionPS.glsl">
      <Filter>Shaders</Filter>
    </None>
    <None Include="..\bin\Resources\Shaders\ReflectionVS.glsl">
      <Filter>Shaders</Filter>
    </None>
  </ItemGroup>
</Project>